
Microsoft Visual Studio Solution File, Format Version 12.00
# Visual Studio Version 16
VisualStudioVersion = 16.0.31702.278
MinimumVisualStudioVersion = 10.0.40219.1
Project("{9A19103F-16F7-4668-BE54-9A1E7A4F7556}") = "ProjectPaint", "ProjectPaint\ProjectPaint.csproj", "{8A74069C-71F7-4CB3-AC15-20942AFB62E9}"
EndProject
Project("{9A19103F-16F7-4668-BE54-9A1E7A4F7556}") = "Contract", "Contract\Contract.csproj", "{510197D1-B938-4EDC-9CEA-2D208754BD7B}"
EndProject
Global
	GlobalSection(SolutionConfigurationPlatforms) = preSolution
		Debug|Any CPU = Debug|Any CPU
		Release|Any CPU = Release|Any CPU
	EndGlobalSection
	GlobalSection(ProjectConfigurationPlatforms) = postSolution
		{8A74069C-71F7-4CB3-AC15-20942AFB62E9}.Debug|Any CPU.ActiveCfg = Debug|Any CPU
		{8A74069C-71F7-4CB3-AC15-20942AFB62E9}.Debug|Any CPU.Build.0 = Debug|Any CPU
		{8A74069C-71F7-4CB3-AC15-20942AFB62E9}.Release|Any CPU.ActiveCfg = Release|Any CPU
		{8A74069C-71F7-4CB3-AC15-20942AFB62E9}.Release|Any CPU.Build.0 = Release|Any CPU
		{510197D1-B938-4EDC-9CEA-2D208754BD7B}.Debug|Any CPU.ActiveCfg = Debug|Any CPU
		{510197D1-B938-4EDC-9CEA-2D208754BD7B}.Debug|Any CPU.Build.0 = Debug|Any CPU
		{510197D1-B938-4EDC-9CEA-2D208754BD7B}.Release|Any CPU.ActiveCfg = Release|Any CPU
		{510197D1-B938-4EDC-9CEA-2D208754BD7B}.Release|Any CPU.Build.0 = Release|Any CPU
	EndGlobalSection
	GlobalSection(SolutionProperties) = preSolution
		HideSolutionNode = FALSE
	EndGlobalSection
	GlobalSection(ExtensibilityGlobals) = postSolution
		SolutionGuid = {E1940519-A8E9-429C-9FCA-96FFE063E953}
	EndGlobalSection
EndGlobal
