
Microsoft Visual Studio Solution File, Format Version 12.00
# Visual Studio Version 16
VisualStudioVersion = 16.0.31729.503
MinimumVisualStudioVersion = 10.0.40219.1
Project("{9A19103F-16F7-4668-BE54-9A1E7A4F7556}") = "SimplePaint", "SimplePaint\SimplePaint.csproj", "{2590F66C-C4F1-4B37-9EE5-F1DD3856D969}"
EndProject
Project("{9A19103F-16F7-4668-BE54-9A1E7A4F7556}") = "Contract", "Contract\Contract.csproj", "{A88A2735-3843-4266-BDE4-E2BBDA2FFBF1}"
EndProject
Project("{9A19103F-16F7-4668-BE54-9A1E7A4F7556}") = "Circle2D", "Circle2D\Circle2D.csproj", "{8C87440C-1675-4C14-BC36-F0F113EE8F5C}"
EndProject
Project("{9A19103F-16F7-4668-BE54-9A1E7A4F7556}") = "Ellipse2D", "Ellipse2D\Ellipse2D.csproj", "{E6942449-49A5-44CD-85DD-E68D3E9A3FBF}"
EndProject
Project("{9A19103F-16F7-4668-BE54-9A1E7A4F7556}") = "Line2D", "Line2D\Line2D.csproj", "{AC6870DE-F15D-4BD4-A184-F673616C871D}"
EndProject
Project("{9A19103F-16F7-4668-BE54-9A1E7A4F7556}") = "Rectangle2D", "Rectangle2D\Rectangle2D.csproj", "{509E5134-05E2-4D2C-86F0-B2C4B8BBE009}"
EndProject
Project("{9A19103F-16F7-4668-BE54-9A1E7A4F7556}") = "Square2D", "Square2D\Square2D.csproj", "{5F889446-B5D7-4F78-9CDF-D47A883E5E7F}"
EndProject
Project("{2150E333-8FDC-42A3-9474-1A3956D46DE8}") = "Solution Items", "Solution Items", "{D99333A1-D3F4-400F-86ED-D1F434468AF1}"
	ProjectSection(SolutionItems) = preProject
		.editorconfig = .editorconfig
	EndProjectSection
EndProject
Global
	GlobalSection(SolutionConfigurationPlatforms) = preSolution
		Debug|Any CPU = Debug|Any CPU
		Release|Any CPU = Release|Any CPU
	EndGlobalSection
	GlobalSection(ProjectConfigurationPlatforms) = postSolution
		{2590F66C-C4F1-4B37-9EE5-F1DD3856D969}.Debug|Any CPU.ActiveCfg = Debug|Any CPU
		{2590F66C-C4F1-4B37-9EE5-F1DD3856D969}.Debug|Any CPU.Build.0 = Debug|Any CPU
		{2590F66C-C4F1-4B37-9EE5-F1DD3856D969}.Release|Any CPU.ActiveCfg = Release|Any CPU
		{2590F66C-C4F1-4B37-9EE5-F1DD3856D969}.Release|Any CPU.Build.0 = Release|Any CPU
		{A88A2735-3843-4266-BDE4-E2BBDA2FFBF1}.Debug|Any CPU.ActiveCfg = Debug|Any CPU
		{A88A2735-3843-4266-BDE4-E2BBDA2FFBF1}.Debug|Any CPU.Build.0 = Debug|Any CPU
		{A88A2735-3843-4266-BDE4-E2BBDA2FFBF1}.Release|Any CPU.ActiveCfg = Release|Any CPU
		{A88A2735-3843-4266-BDE4-E2BBDA2FFBF1}.Release|Any CPU.Build.0 = Release|Any CPU
		{8C87440C-1675-4C14-BC36-F0F113EE8F5C}.Debug|Any CPU.ActiveCfg = Debug|Any CPU
		{8C87440C-1675-4C14-BC36-F0F113EE8F5C}.Debug|Any CPU.Build.0 = Debug|Any CPU
		{8C87440C-1675-4C14-BC36-F0F113EE8F5C}.Release|Any CPU.ActiveCfg = Release|Any CPU
		{8C87440C-1675-4C14-BC36-F0F113EE8F5C}.Release|Any CPU.Build.0 = Release|Any CPU
		{E6942449-49A5-44CD-85DD-E68D3E9A3FBF}.Debug|Any CPU.ActiveCfg = Debug|Any CPU
		{E6942449-49A5-44CD-85DD-E68D3E9A3FBF}.Debug|Any CPU.Build.0 = Debug|Any CPU
		{E6942449-49A5-44CD-85DD-E68D3E9A3FBF}.Release|Any CPU.ActiveCfg = Release|Any CPU
		{E6942449-49A5-44CD-85DD-E68D3E9A3FBF}.Release|Any CPU.Build.0 = Release|Any CPU
		{AC6870DE-F15D-4BD4-A184-F673616C871D}.Debug|Any CPU.ActiveCfg = Debug|Any CPU
		{AC6870DE-F15D-4BD4-A184-F673616C871D}.Debug|Any CPU.Build.0 = Debug|Any CPU
		{AC6870DE-F15D-4BD4-A184-F673616C871D}.Release|Any CPU.ActiveCfg = Release|Any CPU
		{AC6870DE-F15D-4BD4-A184-F673616C871D}.Release|Any CPU.Build.0 = Release|Any CPU
		{509E5134-05E2-4D2C-86F0-B2C4B8BBE009}.Debug|Any CPU.ActiveCfg = Debug|Any CPU
		{509E5134-05E2-4D2C-86F0-B2C4B8BBE009}.Debug|Any CPU.Build.0 = Debug|Any CPU
		{509E5134-05E2-4D2C-86F0-B2C4B8BBE009}.Release|Any CPU.ActiveCfg = Release|Any CPU
		{509E5134-05E2-4D2C-86F0-B2C4B8BBE009}.Release|Any CPU.Build.0 = Release|Any CPU
		{5F889446-B5D7-4F78-9CDF-D47A883E5E7F}.Debug|Any CPU.ActiveCfg = Debug|Any CPU
		{5F889446-B5D7-4F78-9CDF-D47A883E5E7F}.Debug|Any CPU.Build.0 = Debug|Any CPU
		{5F889446-B5D7-4F78-9CDF-D47A883E5E7F}.Release|Any CPU.ActiveCfg = Release|Any CPU
		{5F889446-B5D7-4F78-9CDF-D47A883E5E7F}.Release|Any CPU.Build.0 = Release|Any CPU
	EndGlobalSection
	GlobalSection(SolutionProperties) = preSolution
		HideSolutionNode = FALSE
	EndGlobalSection
	GlobalSection(ExtensibilityGlobals) = postSolution
		SolutionGuid = {73BAC77B-AB70-4788-8F94-18EC940D359E}
	EndGlobalSection
EndGlobal
